
Microsoft Visual Studio Solution File, Format Version 12.00
# Visual Studio Version 17
VisualStudioVersion = 17.3.32811.315
MinimumVisualStudioVersion = 10.0.40219.1
Project("{FAE04EC0-301F-11D3-BF4B-00C04F79EFBC}") = "Sikidomok", "Sikidomok\Sikidomok.csproj", "{9792A600-1264-408F-8481-BAD8613E01DE}"
EndProject
Project("{FAE04EC0-301F-11D3-BF4B-00C04F79EFBC}") = "ConsoleAppDatabse", "ConsoleAppDatabse\ConsoleAppDatabse.csproj", "{233CDF2B-3B39-4731-9012-90FF6A0EC912}"
EndProject
Project("{FAE04EC0-301F-11D3-BF4B-00C04F79EFBC}") = "WindowsFormsAlap", "WindowsFormsAlap\WindowsFormsAlap.csproj", "{A3686C9D-8037-4301-925B-F9A6CEFF94C5}"
EndProject
Project("{FAE04EC0-301F-11D3-BF4B-00C04F79EFBC}") = "WindowsFormsAlapok", "WindowsFormsAlapok\WindowsFormsAlapok.csproj", "{BA3FFF47-680E-43B7-A4BE-90E4E7955105}"
EndProject
Global
	GlobalSection(SolutionConfigurationPlatforms) = preSolution
		Debug|Any CPU = Debug|Any CPU
		Release|Any CPU = Release|Any CPU
	EndGlobalSection
	GlobalSection(ProjectConfigurationPlatforms) = postSolution
		{9792A600-1264-408F-8481-BAD8613E01DE}.Debug|Any CPU.ActiveCfg = Debug|Any CPU
		{9792A600-1264-408F-8481-BAD8613E01DE}.Debug|Any CPU.Build.0 = Debug|Any CPU
		{9792A600-1264-408F-8481-BAD8613E01DE}.Release|Any CPU.ActiveCfg = Release|Any CPU
		{9792A600-1264-408F-8481-BAD8613E01DE}.Release|Any CPU.Build.0 = Release|Any CPU
		{233CDF2B-3B39-4731-9012-90FF6A0EC912}.Debug|Any CPU.ActiveCfg = Debug|Any CPU
		{233CDF2B-3B39-4731-9012-90FF6A0EC912}.Debug|Any CPU.Build.0 = Debug|Any CPU
		{233CDF2B-3B39-4731-9012-90FF6A0EC912}.Release|Any CPU.ActiveCfg = Release|Any CPU
		{233CDF2B-3B39-4731-9012-90FF6A0EC912}.Release|Any CPU.Build.0 = Release|Any CPU
		{A3686C9D-8037-4301-925B-F9A6CEFF94C5}.Debug|Any CPU.ActiveCfg = Debug|Any CPU
		{A3686C9D-8037-4301-925B-F9A6CEFF94C5}.Debug|Any CPU.Build.0 = Debug|Any CPU
		{A3686C9D-8037-4301-925B-F9A6CEFF94C5}.Release|Any CPU.ActiveCfg = Release|Any CPU
		{A3686C9D-8037-4301-925B-F9A6CEFF94C5}.Release|Any CPU.Build.0 = Release|Any CPU
		{BA3FFF47-680E-43B7-A4BE-90E4E7955105}.Debug|Any CPU.ActiveCfg = Debug|Any CPU
		{BA3FFF47-680E-43B7-A4BE-90E4E7955105}.Debug|Any CPU.Build.0 = Debug|Any CPU
		{BA3FFF47-680E-43B7-A4BE-90E4E7955105}.Release|Any CPU.ActiveCfg = Release|Any CPU
		{BA3FFF47-680E-43B7-A4BE-90E4E7955105}.Release|Any CPU.Build.0 = Release|Any CPU
	EndGlobalSection
	GlobalSection(SolutionProperties) = preSolution
		HideSolutionNode = FALSE
	EndGlobalSection
	GlobalSection(ExtensibilityGlobals) = postSolution
		SolutionGuid = {E938DE25-9900-492A-9F6A-DFE5CD755C32}
	EndGlobalSection
EndGlobal
